
Microsoft Visual Studio Solution File, Format Version 12.00
# Visual Studio Version 17
VisualStudioVersion = 17.10.35013.160
MinimumVisualStudioVersion = 10.0.40219.1
Project("{FAE04EC0-301F-11D3-BF4B-00C04F79EFBC}") = "WindowsFormsControlLibrary1", "WindowsFormsControlLibrary1\WindowsFormsControlLibrary1.csproj", "{79DD293F-323A-467A-AF85-9544BB85C0A6}"
EndProject
Global
	GlobalSection(SolutionConfigurationPlatforms) = preSolution
		Debug|Any CPU = Debug|Any CPU
		Release|Any CPU = Release|Any CPU
	EndGlobalSection
	GlobalSection(ProjectConfigurationPlatforms) = postSolution
		{79DD293F-323A-467A-AF85-9544BB85C0A6}.Debug|Any CPU.ActiveCfg = Debug|Any CPU
		{79DD293F-323A-467A-AF85-9544BB85C0A6}.Debug|Any CPU.Build.0 = Debug|Any CPU
		{79DD293F-323A-467A-AF85-9544BB85C0A6}.Release|Any CPU.ActiveCfg = Release|Any CPU
		{79DD293F-323A-467A-AF85-9544BB85C0A6}.Release|Any CPU.Build.0 = Release|Any CPU
	EndGlobalSection
	GlobalSection(SolutionProperties) = preSolution
		HideSolutionNode = FALSE
	EndGlobalSection
	GlobalSection(ExtensibilityGlobals) = postSolution
		SolutionGuid = {F74300F2-3750-49D4-9995-39BCFC4F5D84}
	EndGlobalSection
EndGlobal
