
Microsoft Visual Studio Solution File, Format Version 12.00
# Visual Studio Version 17
VisualStudioVersion = 17.10.35013.160
MinimumVisualStudioVersion = 10.0.40219.1
Project("{FAE04EC0-301F-11D3-BF4B-00C04F79EFBC}") = "ConsoleApp1", "ConsoleApp1.csproj", "{01ABCC3F-7F97-44E7-8F41-D26E7C72627D}"
EndProject
Project("{FAE04EC0-301F-11D3-BF4B-00C04F79EFBC}") = "ConsoleApp2", "..\ConsoleApp2\ConsoleApp2.csproj", "{3755E084-664A-4246-88FE-1CD95CB2B7BB}"
EndProject
Global
	GlobalSection(SolutionConfigurationPlatforms) = preSolution
		Debug|Any CPU = Debug|Any CPU
		Release|Any CPU = Release|Any CPU
	EndGlobalSection
	GlobalSection(ProjectConfigurationPlatforms) = postSolution
		{01ABCC3F-7F97-44E7-8F41-D26E7C72627D}.Debug|Any CPU.ActiveCfg = Debug|Any CPU
		{01ABCC3F-7F97-44E7-8F41-D26E7C72627D}.Debug|Any CPU.Build.0 = Debug|Any CPU
		{01ABCC3F-7F97-44E7-8F41-D26E7C72627D}.Release|Any CPU.ActiveCfg = Release|Any CPU
		{01ABCC3F-7F97-44E7-8F41-D26E7C72627D}.Release|Any CPU.Build.0 = Release|Any CPU
		{3755E084-664A-4246-88FE-1CD95CB2B7BB}.Debug|Any CPU.ActiveCfg = Debug|Any CPU
		{3755E084-664A-4246-88FE-1CD95CB2B7BB}.Debug|Any CPU.Build.0 = Debug|Any CPU
		{3755E084-664A-4246-88FE-1CD95CB2B7BB}.Release|Any CPU.ActiveCfg = Release|Any CPU
		{3755E084-664A-4246-88FE-1CD95CB2B7BB}.Release|Any CPU.Build.0 = Release|Any CPU
	EndGlobalSection
	GlobalSection(SolutionProperties) = preSolution
		HideSolutionNode = FALSE
	EndGlobalSection
	GlobalSection(ExtensibilityGlobals) = postSolution
		SolutionGuid = {AC50EF08-3FF5-4997-820A-48DFE63FBCF3}
	EndGlobalSection
EndGlobal
